
Microsoft Visual Studio Solution File, Format Version 12.00
# Visual Studio 15
VisualStudioVersion = 15.0.28307.572
MinimumVisualStudioVersion = 10.0.40219.1
Project("{FAE04EC0-301F-11D3-BF4B-00C04F79EFBC}") = "Creditos", "Creditos\Creditos.csproj", "{0A310D50-AF8A-4991-B785-D68A08EB2EA5}"
EndProject
Global
	GlobalSection(SolutionConfigurationPlatforms) = preSolution
		Debug|Any CPU = Debug|Any CPU
		Release|Any CPU = Release|Any CPU
	EndGlobalSection
	GlobalSection(ProjectConfigurationPlatforms) = postSolution
		{0A310D50-AF8A-4991-B785-D68A08EB2EA5}.Debug|Any CPU.ActiveCfg = Debug|Any CPU
		{0A310D50-AF8A-4991-B785-D68A08EB2EA5}.Debug|Any CPU.Build.0 = Debug|Any CPU
		{0A310D50-AF8A-4991-B785-D68A08EB2EA5}.Release|Any CPU.ActiveCfg = Release|Any CPU
		{0A310D50-AF8A-4991-B785-D68A08EB2EA5}.Release|Any CPU.Build.0 = Release|Any CPU
	EndGlobalSection
	GlobalSection(SolutionProperties) = preSolution
		HideSolutionNode = FALSE
	EndGlobalSection
	GlobalSection(ExtensibilityGlobals) = postSolution
		SolutionGuid = {8BC78B01-24A2-4F2C-9A36-40C4C8ECD60F}
	EndGlobalSection
EndGlobal
